
Microsoft Visual Studio Solution File, Format Version 12.00
# Visual Studio Version 16
VisualStudioVersion = 16.0.30503.244
MinimumVisualStudioVersion = 10.0.40219.1
Project("{FAE04EC0-301F-11D3-BF4B-00C04F79EFBC}") = "Test.Android", "Test\Test.Android\Test.Android.csproj", "{4A73D6BA-B584-4621-B882-6443353342B8}"
EndProject
Project("{FAE04EC0-301F-11D3-BF4B-00C04F79EFBC}") = "Test.iOS", "Test\Test.iOS\Test.iOS.csproj", "{4E3E4E7E-CBCC-4B8F-9DD2-680DA143C548}"
EndProject
Project("{FAE04EC0-301F-11D3-BF4B-00C04F79EFBC}") = "Test", "Test\Test\Test.csproj", "{11FC43EC-C87E-4D6E-9877-3DF0275428A0}"
EndProject
Global
	GlobalSection(SolutionConfigurationPlatforms) = preSolution
		Debug|Any CPU = Debug|Any CPU
		Debug|iPhone = Debug|iPhone
		Debug|iPhoneSimulator = Debug|iPhoneSimulator
		Release|Any CPU = Release|Any CPU
		Release|iPhone = Release|iPhone
		Release|iPhoneSimulator = Release|iPhoneSimulator
	EndGlobalSection
	GlobalSection(ProjectConfigurationPlatforms) = postSolution
		{4A73D6BA-B584-4621-B882-6443353342B8}.Debug|Any CPU.ActiveCfg = Debug|Any CPU
		{4A73D6BA-B584-4621-B882-6443353342B8}.Debug|Any CPU.Build.0 = Debug|Any CPU
		{4A73D6BA-B584-4621-B882-6443353342B8}.Debug|Any CPU.Deploy.0 = Debug|Any CPU
		{4A73D6BA-B584-4621-B882-6443353342B8}.Debug|iPhone.ActiveCfg = Debug|Any CPU
		{4A73D6BA-B584-4621-B882-6443353342B8}.Debug|iPhone.Build.0 = Debug|Any CPU
		{4A73D6BA-B584-4621-B882-6443353342B8}.Debug|iPhone.Deploy.0 = Debug|Any CPU
		{4A73D6BA-B584-4621-B882-6443353342B8}.Debug|iPhoneSimulator.ActiveCfg = Debug|Any CPU
		{4A73D6BA-B584-4621-B882-6443353342B8}.Debug|iPhoneSimulator.Build.0 = Debug|Any CPU
		{4A73D6BA-B584-4621-B882-6443353342B8}.Debug|iPhoneSimulator.Deploy.0 = Debug|Any CPU
		{4A73D6BA-B584-4621-B882-6443353342B8}.Release|Any CPU.ActiveCfg = Release|Any CPU
		{4A73D6BA-B584-4621-B882-6443353342B8}.Release|Any CPU.Build.0 = Release|Any CPU
		{4A73D6BA-B584-4621-B882-6443353342B8}.Release|Any CPU.Deploy.0 = Release|Any CPU
		{4A73D6BA-B584-4621-B882-6443353342B8}.Release|iPhone.ActiveCfg = Release|Any CPU
		{4A73D6BA-B584-4621-B882-6443353342B8}.Release|iPhone.Build.0 = Release|Any CPU
		{4A73D6BA-B584-4621-B882-6443353342B8}.Release|iPhone.Deploy.0 = Release|Any CPU
		{4A73D6BA-B584-4621-B882-6443353342B8}.Release|iPhoneSimulator.ActiveCfg = Release|Any CPU
		{4A73D6BA-B584-4621-B882-6443353342B8}.Release|iPhoneSimulator.Build.0 = Release|Any CPU
		{4A73D6BA-B584-4621-B882-6443353342B8}.Release|iPhoneSimulator.Deploy.0 = Release|Any CPU
		{4E3E4E7E-CBCC-4B8F-9DD2-680DA143C548}.Debug|Any CPU.ActiveCfg = Debug|iPhone
		{4E3E4E7E-CBCC-4B8F-9DD2-680DA143C548}.Debug|Any CPU.Build.0 = Debug|iPhone
		{4E3E4E7E-CBCC-4B8F-9DD2-680DA143C548}.Debug|Any CPU.Deploy.0 = Debug|iPhone
		{4E3E4E7E-CBCC-4B8F-9DD2-680DA143C548}.Debug|iPhone.ActiveCfg = Debug|iPhone
		{4E3E4E7E-CBCC-4B8F-9DD2-680DA143C548}.Debug|iPhone.Build.0 = Debug|iPhone
		{4E3E4E7E-CBCC-4B8F-9DD2-680DA143C548}.Debug|iPhone.Deploy.0 = Debug|iPhone
		{4E3E4E7E-CBCC-4B8F-9DD2-680DA143C548}.Debug|iPhoneSimulator.ActiveCfg = Debug|iPhoneSimulator
		{4E3E4E7E-CBCC-4B8F-9DD2-680DA143C548}.Debug|iPhoneSimulator.Build.0 = Debug|iPhoneSimulator
		{4E3E4E7E-CBCC-4B8F-9DD2-680DA143C548}.Debug|iPhoneSimulator.Deploy.0 = Debug|iPhoneSimulator
		{4E3E4E7E-CBCC-4B8F-9DD2-680DA143C548}.Release|Any CPU.ActiveCfg = Release|iPhoneSimulator
		{4E3E4E7E-CBCC-4B8F-9DD2-680DA143C548}.Release|Any CPU.Build.0 = Release|iPhoneSimulator
		{4E3E4E7E-CBCC-4B8F-9DD2-680DA143C548}.Release|Any CPU.Deploy.0 = Release|iPhoneSimulator
		{4E3E4E7E-CBCC-4B8F-9DD2-680DA143C548}.Release|iPhone.ActiveCfg = Release|iPhone
		{4E3E4E7E-CBCC-4B8F-9DD2-680DA143C548}.Release|iPhone.Build.0 = Release|iPhone
		{4E3E4E7E-CBCC-4B8F-9DD2-680DA143C548}.Release|iPhone.Deploy.0 = Release|iPhone
		{4E3E4E7E-CBCC-4B8F-9DD2-680DA143C548}.Release|iPhoneSimulator.ActiveCfg = Release|iPhoneSimulator
		{4E3E4E7E-CBCC-4B8F-9DD2-680DA143C548}.Release|iPhoneSimulator.Build.0 = Release|iPhoneSimulator
		{4E3E4E7E-CBCC-4B8F-9DD2-680DA143C548}.Release|iPhoneSimulator.Deploy.0 = Release|iPhoneSimulator
		{11FC43EC-C87E-4D6E-9877-3DF0275428A0}.Debug|Any CPU.ActiveCfg = Debug|Any CPU
		{11FC43EC-C87E-4D6E-9877-3DF0275428A0}.Debug|Any CPU.Build.0 = Debug|Any CPU
		{11FC43EC-C87E-4D6E-9877-3DF0275428A0}.Debug|Any CPU.Deploy.0 = Debug|Any CPU
		{11FC43EC-C87E-4D6E-9877-3DF0275428A0}.Debug|iPhone.ActiveCfg = Debug|Any CPU
		{11FC43EC-C87E-4D6E-9877-3DF0275428A0}.Debug|iPhone.Build.0 = Debug|Any CPU
		{11FC43EC-C87E-4D6E-9877-3DF0275428A0}.Debug|iPhone.Deploy.0 = Debug|Any CPU
		{11FC43EC-C87E-4D6E-9877-3DF0275428A0}.Debug|iPhoneSimulator.ActiveCfg = Debug|Any CPU
		{11FC43EC-C87E-4D6E-9877-3DF0275428A0}.Debug|iPhoneSimulator.Build.0 = Debug|Any CPU
		{11FC43EC-C87E-4D6E-9877-3DF0275428A0}.Debug|iPhoneSimulator.Deploy.0 = Debug|Any CPU
		{11FC43EC-C87E-4D6E-9877-3DF0275428A0}.Release|Any CPU.ActiveCfg = Release|Any CPU
		{11FC43EC-C87E-4D6E-9877-3DF0275428A0}.Release|Any CPU.Build.0 = Release|Any CPU
		{11FC43EC-C87E-4D6E-9877-3DF0275428A0}.Release|Any CPU.Deploy.0 = Release|Any CPU
		{11FC43EC-C87E-4D6E-9877-3DF0275428A0}.Release|iPhone.ActiveCfg = Release|Any CPU
		{11FC43EC-C87E-4D6E-9877-3DF0275428A0}.Release|iPhone.Build.0 = Release|Any CPU
		{11FC43EC-C87E-4D6E-9877-3DF0275428A0}.Release|iPhone.Deploy.0 = Release|Any CPU
		{11FC43EC-C87E-4D6E-9877-3DF0275428A0}.Release|iPhoneSimulator.ActiveCfg = Release|Any CPU
		{11FC43EC-C87E-4D6E-9877-3DF0275428A0}.Release|iPhoneSimulator.Build.0 = Release|Any CPU
		{11FC43EC-C87E-4D6E-9877-3DF0275428A0}.Release|iPhoneSimulator.Deploy.0 = Release|Any CPU
	EndGlobalSection
	GlobalSection(SolutionProperties) = preSolution
		HideSolutionNode = FALSE
	EndGlobalSection
	GlobalSection(ExtensibilityGlobals) = postSolution
		SolutionGuid = {CBFDB9AC-65BE-4BB6-92B9-FC21FEF0A7A4}
	EndGlobalSection
EndGlobal
